{
  "name": "manhunt",
  "version": "1.8.0",
  "lockfileVersion": 3,
  "requires": true,
  "packages": {
    "": {
      "name": "manhunt",
      "version": "1.8.0",
      "license": "MIT",
      "dependencies": {
        "@minecraft/server": "^1.8.0"
      }
    },
    "node_modules/@minecraft/common": {
      "version": "1.2.0",
      "resolved": "https://registry.npmjs.org/@minecraft/common/-/common-1.2.0.tgz",
      "integrity": "sha512-JdmEq4P3Z/FtoBzhLijFgMSVFnFRrUoLwY8DHHrgtFo0mfLTOLTB1RErYjLMsA6b7BGVNxkX/pfFRiH7QZ0XwQ=="
    },
    "node_modules/@minecraft/server": {
      "version": "1.8.0",
      "resolved": "https://registry.npmjs.org/@minecraft/server/-/server-1.8.0.tgz",
      "integrity": "sha512-YqH8eowsC2eAaJ/EXgUC+zfyo+iWa0jTCuLC/2zEpObg6nCJRjy0NIhIZqzxspbUOgf+qakNjNZIhLMwL+a6Fg==",
      "license": "MIT",
      "dependencies": {
        "@minecraft/common": "^1.1.0"
      }
    }
  }
}
